{
  "name": "preact-flatpickr",
  "version": "1.0.0",
  "lockfileVersion": 1,
  "requires": true,
  "dependencies": {
    "flatpickr": {
      "version": "4.5.1",
      "resolved": "https://registry.npmjs.org/flatpickr/-/flatpickr-4.5.1.tgz",
      "integrity": "sha512-dsLTFmRg6mlqYfJ35A7gLlbq+8fOqRty3cWncl6rwU4pMe//i0WKxKLVyBbSYAZry93Lg+yqsOph9haltcxCqQ=="
    },
    "preact": {
      "version": "8.3.1",
      "resolved": "https://registry.npmjs.org/preact/-/preact-8.3.1.tgz",
      "integrity": "sha512-s8H1Y8O9e+mOBo3UP1jvWqArPmjCba2lrrGLlq/0kN1XuIINUbYtf97iiXKxCuG3eYwmppPKnyW2DBrNj/TuTg=="
    }
  }
}
